
Microsoft Visual Studio Solution File, Format Version 12.00
# Visual Studio Version 17
VisualStudioVersion = 17.0.31912.275
MinimumVisualStudioVersion = 10.0.40219.1
Project("{888888A0-9F3D-457C-B088-3A5042F75D52}") = "Run Length Encoder", "Run Length Encoder.pyproj", "{388FC857-CD32-4547-ACA0-B17E256F7B3B}"
EndProject
Global
	GlobalSection(SolutionConfigurationPlatforms) = preSolution
		Debug|Any CPU = Debug|Any CPU
		Release|Any CPU = Release|Any CPU
	EndGlobalSection
	GlobalSection(ProjectConfigurationPlatforms) = postSolution
		{388FC857-CD32-4547-ACA0-B17E256F7B3B}.Debug|Any CPU.ActiveCfg = Debug|Any CPU
		{388FC857-CD32-4547-ACA0-B17E256F7B3B}.Release|Any CPU.ActiveCfg = Release|Any CPU
	EndGlobalSection
	GlobalSection(SolutionProperties) = preSolution
		HideSolutionNode = FALSE
	EndGlobalSection
	GlobalSection(ExtensibilityGlobals) = postSolution
		SolutionGuid = {90223020-AD0F-4849-8565-9DB1102F13F6}
	EndGlobalSection
EndGlobal
